
Microsoft Visual Studio Solution File, Format Version 12.00
# Visual Studio 15
VisualStudioVersion = 15.0.27703.2035
MinimumVisualStudioVersion = 10.0.40219.1
Project("{FAE04EC0-301F-11D3-BF4B-00C04F79EFBC}") = "ApiClient", "ApiClient\ApiClient.csproj", "{6DEA431F-3B38-4646-90D9-CDE020E0CC7D}"
EndProject
Project("{FAE04EC0-301F-11D3-BF4B-00C04F79EFBC}") = "WpfTester", "WpfTester\WpfTester.csproj", "{DDB7D40B-61CB-403C-A731-2FBA4C882221}"
EndProject
Global
	GlobalSection(SolutionConfigurationPlatforms) = preSolution
		Debug|Any CPU = Debug|Any CPU
		Release|Any CPU = Release|Any CPU
	EndGlobalSection
	GlobalSection(ProjectConfigurationPlatforms) = postSolution
		{6DEA431F-3B38-4646-90D9-CDE020E0CC7D}.Debug|Any CPU.ActiveCfg = Debug|Any CPU
		{6DEA431F-3B38-4646-90D9-CDE020E0CC7D}.Debug|Any CPU.Build.0 = Debug|Any CPU
		{6DEA431F-3B38-4646-90D9-CDE020E0CC7D}.Release|Any CPU.ActiveCfg = Release|Any CPU
		{6DEA431F-3B38-4646-90D9-CDE020E0CC7D}.Release|Any CPU.Build.0 = Release|Any CPU
		{DDB7D40B-61CB-403C-A731-2FBA4C882221}.Debug|Any CPU.ActiveCfg = Debug|Any CPU
		{DDB7D40B-61CB-403C-A731-2FBA4C882221}.Debug|Any CPU.Build.0 = Debug|Any CPU
		{DDB7D40B-61CB-403C-A731-2FBA4C882221}.Release|Any CPU.ActiveCfg = Release|Any CPU
		{DDB7D40B-61CB-403C-A731-2FBA4C882221}.Release|Any CPU.Build.0 = Release|Any CPU
	EndGlobalSection
	GlobalSection(SolutionProperties) = preSolution
		HideSolutionNode = FALSE
	EndGlobalSection
	GlobalSection(ExtensibilityGlobals) = postSolution
		SolutionGuid = {D74483A8-A9D6-4630-81B2-7E0952963445}
	EndGlobalSection
EndGlobal
